
Microsoft Visual Studio Solution File, Format Version 12.00
# Visual Studio Version 17
VisualStudioVersion = 17.11.35327.3
MinimumVisualStudioVersion = 10.0.40219.1
Project("{2150E333-8FDC-42A3-9474-1A3956D46DE8}") = "Application", "Application", "{C476A99C-D0B7-44A5-A4FA-74FF3CA01937}"
EndProject
Project("{2150E333-8FDC-42A3-9474-1A3956D46DE8}") = "Presentation", "Presentation", "{44200689-1C5E-4157-8C76-54E55FD07161}"
EndProject
Project("{2150E333-8FDC-42A3-9474-1A3956D46DE8}") = "Domain", "Domain", "{CECF7A23-D50F-46F2-8D13-19825BC55597}"
EndProject
Project("{2150E333-8FDC-42A3-9474-1A3956D46DE8}") = "Infrastructure", "Infrastructure", "{796BE88C-2E8F-4BFD-888E-45A7F809EBDC}"
EndProject
Project("{9A19103F-16F7-4668-BE54-9A1E7A4F7556}") = "Application", "Application\Application.csproj", "{583B4B27-19D8-4E92-A045-8C5306AAF7F4}"
EndProject
Project("{9A19103F-16F7-4668-BE54-9A1E7A4F7556}") = "Domain", "Domain\Domain.csproj", "{880925DF-E795-4CDE-8B99-D12B6CD91AB6}"
EndProject
Project("{9A19103F-16F7-4668-BE54-9A1E7A4F7556}") = "Infrastructure.SqlServer", "Infrastructure\Infrastructure.SqlServer.csproj", "{031480AF-4254-4FD9-B1DC-90BAEF767871}"
EndProject
Project("{9A19103F-16F7-4668-BE54-9A1E7A4F7556}") = "WebApi", "WebApi\WebApi.csproj", "{2799D753-11B8-4575-9DC1-2D4899478264}"
EndProject
Global
	GlobalSection(SolutionConfigurationPlatforms) = preSolution
		Debug|Any CPU = Debug|Any CPU
		Release|Any CPU = Release|Any CPU
	EndGlobalSection
	GlobalSection(ProjectConfigurationPlatforms) = postSolution
		{583B4B27-19D8-4E92-A045-8C5306AAF7F4}.Debug|Any CPU.ActiveCfg = Debug|Any CPU
		{583B4B27-19D8-4E92-A045-8C5306AAF7F4}.Debug|Any CPU.Build.0 = Debug|Any CPU
		{583B4B27-19D8-4E92-A045-8C5306AAF7F4}.Release|Any CPU.ActiveCfg = Release|Any CPU
		{583B4B27-19D8-4E92-A045-8C5306AAF7F4}.Release|Any CPU.Build.0 = Release|Any CPU
		{880925DF-E795-4CDE-8B99-D12B6CD91AB6}.Debug|Any CPU.ActiveCfg = Debug|Any CPU
		{880925DF-E795-4CDE-8B99-D12B6CD91AB6}.Debug|Any CPU.Build.0 = Debug|Any CPU
		{880925DF-E795-4CDE-8B99-D12B6CD91AB6}.Release|Any CPU.ActiveCfg = Release|Any CPU
		{880925DF-E795-4CDE-8B99-D12B6CD91AB6}.Release|Any CPU.Build.0 = Release|Any CPU
		{031480AF-4254-4FD9-B1DC-90BAEF767871}.Debug|Any CPU.ActiveCfg = Debug|Any CPU
		{031480AF-4254-4FD9-B1DC-90BAEF767871}.Debug|Any CPU.Build.0 = Debug|Any CPU
		{031480AF-4254-4FD9-B1DC-90BAEF767871}.Release|Any CPU.ActiveCfg = Release|Any CPU
		{031480AF-4254-4FD9-B1DC-90BAEF767871}.Release|Any CPU.Build.0 = Release|Any CPU
		{2799D753-11B8-4575-9DC1-2D4899478264}.Debug|Any CPU.ActiveCfg = Debug|Any CPU
		{2799D753-11B8-4575-9DC1-2D4899478264}.Debug|Any CPU.Build.0 = Debug|Any CPU
		{2799D753-11B8-4575-9DC1-2D4899478264}.Release|Any CPU.ActiveCfg = Release|Any CPU
		{2799D753-11B8-4575-9DC1-2D4899478264}.Release|Any CPU.Build.0 = Release|Any CPU
	EndGlobalSection
	GlobalSection(SolutionProperties) = preSolution
		HideSolutionNode = FALSE
	EndGlobalSection
	GlobalSection(NestedProjects) = preSolution
		{583B4B27-19D8-4E92-A045-8C5306AAF7F4} = {C476A99C-D0B7-44A5-A4FA-74FF3CA01937}
		{880925DF-E795-4CDE-8B99-D12B6CD91AB6} = {CECF7A23-D50F-46F2-8D13-19825BC55597}
		{031480AF-4254-4FD9-B1DC-90BAEF767871} = {796BE88C-2E8F-4BFD-888E-45A7F809EBDC}
		{2799D753-11B8-4575-9DC1-2D4899478264} = {44200689-1C5E-4157-8C76-54E55FD07161}
	EndGlobalSection
	GlobalSection(ExtensibilityGlobals) = postSolution
		SolutionGuid = {54ED6685-CD53-4CE8-BAD2-4F1787917526}
	EndGlobalSection
EndGlobal
